
Microsoft Visual Studio Solution File, Format Version 12.00
# Visual Studio 2015
Project("{FAE04EC0-301F-11D3-BF4B-00C04F79EFBC}") = "SurvivalShooter_IAP_Demo.CSharp", "SurvivalShooter_IAP_Demo.CSharp.csproj", "{4717BE66-9C3E-D2C8-A61F-3A9C32E984F4}"
EndProject
Project("{FAE04EC0-301F-11D3-BF4B-00C04F79EFBC}") = "SurvivalShooter_IAP_Demo.CSharp.Editor", "SurvivalShooter_IAP_Demo.CSharp.Editor.csproj", "{72D21387-7026-497F-9984-0645627F43CA}"
EndProject
Global
	GlobalSection(SolutionConfigurationPlatforms) = preSolution
		Debug|Any CPU = Debug|Any CPU
		Release|Any CPU = Release|Any CPU
	EndGlobalSection
	GlobalSection(ProjectConfigurationPlatforms) = postSolution
		{4717BE66-9C3E-D2C8-A61F-3A9C32E984F4}.Debug|Any CPU.ActiveCfg = Debug|Any CPU
		{4717BE66-9C3E-D2C8-A61F-3A9C32E984F4}.Debug|Any CPU.Build.0 = Debug|Any CPU
		{4717BE66-9C3E-D2C8-A61F-3A9C32E984F4}.Release|Any CPU.ActiveCfg = Release|Any CPU
		{4717BE66-9C3E-D2C8-A61F-3A9C32E984F4}.Release|Any CPU.Build.0 = Release|Any CPU
		{72D21387-7026-497F-9984-0645627F43CA}.Debug|Any CPU.ActiveCfg = Debug|Any CPU
		{72D21387-7026-497F-9984-0645627F43CA}.Debug|Any CPU.Build.0 = Debug|Any CPU
		{72D21387-7026-497F-9984-0645627F43CA}.Release|Any CPU.ActiveCfg = Release|Any CPU
		{72D21387-7026-497F-9984-0645627F43CA}.Release|Any CPU.Build.0 = Release|Any CPU
	EndGlobalSection
	GlobalSection(SolutionProperties) = preSolution
		HideSolutionNode = FALSE
	EndGlobalSection
EndGlobal
